
Microsoft Visual Studio Solution File, Format Version 12.00
# Visual Studio 15
VisualStudioVersion = 15.0.28307.106
MinimumVisualStudioVersion = 10.0.40219.1
Project("{FAE04EC0-301F-11D3-BF4B-00C04F79EFBC}") = "Lab1", "Lab1\Lab1.csproj", "{092395CD-5360-4179-93F4-A4FA85DE8D12}"
EndProject
Global
	GlobalSection(SolutionConfigurationPlatforms) = preSolution
		Debug|Any CPU = Debug|Any CPU
		Release|Any CPU = Release|Any CPU
	EndGlobalSection
	GlobalSection(ProjectConfigurationPlatforms) = postSolution
		{092395CD-5360-4179-93F4-A4FA85DE8D12}.Debug|Any CPU.ActiveCfg = Debug|Any CPU
		{092395CD-5360-4179-93F4-A4FA85DE8D12}.Debug|Any CPU.Build.0 = Debug|Any CPU
		{092395CD-5360-4179-93F4-A4FA85DE8D12}.Release|Any CPU.ActiveCfg = Release|Any CPU
		{092395CD-5360-4179-93F4-A4FA85DE8D12}.Release|Any CPU.Build.0 = Release|Any CPU
	EndGlobalSection
	GlobalSection(SolutionProperties) = preSolution
		HideSolutionNode = FALSE
	EndGlobalSection
	GlobalSection(ExtensibilityGlobals) = postSolution
		SolutionGuid = {215C0B5E-4B49-4FF5-9373-FD84F0A50B9F}
	EndGlobalSection
EndGlobal
